
Microsoft Visual Studio Solution File, Format Version 12.00
# Visual Studio Version 17
VisualStudioVersion = 17.14.36121.58 d17.14
MinimumVisualStudioVersion = 10.0.40219.1
Project("{FAE04EC0-301F-11D3-BF4B-00C04F79EFBC}") = "HealthTracker.API", "HealthTracker.API.csproj", "{627E10C5-0316-4697-BBD9-B5279A2DC1D8}"
EndProject
Global
	GlobalSection(SolutionConfigurationPlatforms) = preSolution
		Debug|Any CPU = Debug|Any CPU
		Release|Any CPU = Release|Any CPU
	EndGlobalSection
	GlobalSection(ProjectConfigurationPlatforms) = postSolution
		{627E10C5-0316-4697-BBD9-B5279A2DC1D8}.Debug|Any CPU.ActiveCfg = Debug|Any CPU
		{627E10C5-0316-4697-BBD9-B5279A2DC1D8}.Debug|Any CPU.Build.0 = Debug|Any CPU
		{627E10C5-0316-4697-BBD9-B5279A2DC1D8}.Release|Any CPU.ActiveCfg = Release|Any CPU
		{627E10C5-0316-4697-BBD9-B5279A2DC1D8}.Release|Any CPU.Build.0 = Release|Any CPU
	EndGlobalSection
	GlobalSection(SolutionProperties) = preSolution
		HideSolutionNode = FALSE
	EndGlobalSection
	GlobalSection(ExtensibilityGlobals) = postSolution
		SolutionGuid = {A6CE2EC7-1767-4008-AB2B-14C43E6EA5F5}
	EndGlobalSection
EndGlobal
